
Microsoft Visual Studio Solution File, Format Version 12.00
# Visual Studio 15
VisualStudioVersion = 15.0.28307.779
MinimumVisualStudioVersion = 10.0.40219.1
Project("{FAE04EC0-301F-11D3-BF4B-00C04F79EFBC}") = "Practica.Android", "Practica\Practica.Android\Practica.Android.csproj", "{69F06347-FA3F-4622-A768-C3632A31FE52}"
EndProject
Project("{FAE04EC0-301F-11D3-BF4B-00C04F79EFBC}") = "Practica.iOS", "Practica\Practica.iOS\Practica.iOS.csproj", "{AE28B7FB-8250-4C4D-9407-8AB103D113AA}"
EndProject
Project("{FAE04EC0-301F-11D3-BF4B-00C04F79EFBC}") = "Practica", "Practica\Practica\Practica.csproj", "{DE829D2B-C0AE-450B-9D07-5CBA0760AEA9}"
EndProject
Global
	GlobalSection(SolutionConfigurationPlatforms) = preSolution
		Ad-Hoc|Any CPU = Ad-Hoc|Any CPU
		Ad-Hoc|iPhone = Ad-Hoc|iPhone
		Ad-Hoc|iPhoneSimulator = Ad-Hoc|iPhoneSimulator
		AppStore|Any CPU = AppStore|Any CPU
		AppStore|iPhone = AppStore|iPhone
		AppStore|iPhoneSimulator = AppStore|iPhoneSimulator
		Debug|Any CPU = Debug|Any CPU
		Debug|iPhone = Debug|iPhone
		Debug|iPhoneSimulator = Debug|iPhoneSimulator
		Release|Any CPU = Release|Any CPU
		Release|iPhone = Release|iPhone
		Release|iPhoneSimulator = Release|iPhoneSimulator
	EndGlobalSection
	GlobalSection(ProjectConfigurationPlatforms) = postSolution
		{69F06347-FA3F-4622-A768-C3632A31FE52}.Ad-Hoc|Any CPU.ActiveCfg = Release|Any CPU
		{69F06347-FA3F-4622-A768-C3632A31FE52}.Ad-Hoc|Any CPU.Build.0 = Release|Any CPU
		{69F06347-FA3F-4622-A768-C3632A31FE52}.Ad-Hoc|Any CPU.Deploy.0 = Release|Any CPU
		{69F06347-FA3F-4622-A768-C3632A31FE52}.Ad-Hoc|iPhone.ActiveCfg = Release|Any CPU
		{69F06347-FA3F-4622-A768-C3632A31FE52}.Ad-Hoc|iPhone.Build.0 = Release|Any CPU
		{69F06347-FA3F-4622-A768-C3632A31FE52}.Ad-Hoc|iPhone.Deploy.0 = Release|Any CPU
		{69F06347-FA3F-4622-A768-C3632A31FE52}.Ad-Hoc|iPhoneSimulator.ActiveCfg = Release|Any CPU
		{69F06347-FA3F-4622-A768-C3632A31FE52}.Ad-Hoc|iPhoneSimulator.Build.0 = Release|Any CPU
		{69F06347-FA3F-4622-A768-C3632A31FE52}.Ad-Hoc|iPhoneSimulator.Deploy.0 = Release|Any CPU
		{69F06347-FA3F-4622-A768-C3632A31FE52}.AppStore|Any CPU.ActiveCfg = Release|Any CPU
		{69F06347-FA3F-4622-A768-C3632A31FE52}.AppStore|Any CPU.Build.0 = Release|Any CPU
		{69F06347-FA3F-4622-A768-C3632A31FE52}.AppStore|Any CPU.Deploy.0 = Release|Any CPU
		{69F06347-FA3F-4622-A768-C3632A31FE52}.AppStore|iPhone.ActiveCfg = Release|Any CPU
		{69F06347-FA3F-4622-A768-C3632A31FE52}.AppStore|iPhone.Build.0 = Release|Any CPU
		{69F06347-FA3F-4622-A768-C3632A31FE52}.AppStore|iPhone.Deploy.0 = Release|Any CPU
		{69F06347-FA3F-4622-A768-C3632A31FE52}.AppStore|iPhoneSimulator.ActiveCfg = Release|Any CPU
		{69F06347-FA3F-4622-A768-C3632A31FE52}.AppStore|iPhoneSimulator.Build.0 = Release|Any CPU
		{69F06347-FA3F-4622-A768-C3632A31FE52}.AppStore|iPhoneSimulator.Deploy.0 = Release|Any CPU
		{69F06347-FA3F-4622-A768-C3632A31FE52}.Debug|Any CPU.ActiveCfg = Debug|Any CPU
		{69F06347-FA3F-4622-A768-C3632A31FE52}.Debug|Any CPU.Build.0 = Debug|Any CPU
		{69F06347-FA3F-4622-A768-C3632A31FE52}.Debug|Any CPU.Deploy.0 = Debug|Any CPU
		{69F06347-FA3F-4622-A768-C3632A31FE52}.Debug|iPhone.ActiveCfg = Debug|Any CPU
		{69F06347-FA3F-4622-A768-C3632A31FE52}.Debug|iPhone.Build.0 = Debug|Any CPU
		{69F06347-FA3F-4622-A768-C3632A31FE52}.Debug|iPhone.Deploy.0 = Debug|Any CPU
		{69F06347-FA3F-4622-A768-C3632A31FE52}.Debug|iPhoneSimulator.ActiveCfg = Debug|Any CPU
		{69F06347-FA3F-4622-A768-C3632A31FE52}.Debug|iPhoneSimulator.Build.0 = Debug|Any CPU
		{69F06347-FA3F-4622-A768-C3632A31FE52}.Debug|iPhoneSimulator.Deploy.0 = Debug|Any CPU
		{69F06347-FA3F-4622-A768-C3632A31FE52}.Release|Any CPU.ActiveCfg = Release|Any CPU
		{69F06347-FA3F-4622-A768-C3632A31FE52}.Release|Any CPU.Build.0 = Release|Any CPU
		{69F06347-FA3F-4622-A768-C3632A31FE52}.Release|Any CPU.Deploy.0 = Release|Any CPU
		{69F06347-FA3F-4622-A768-C3632A31FE52}.Release|iPhone.ActiveCfg = Release|Any CPU
		{69F06347-FA3F-4622-A768-C3632A31FE52}.Release|iPhone.Build.0 = Release|Any CPU
		{69F06347-FA3F-4622-A768-C3632A31FE52}.Release|iPhone.Deploy.0 = Release|Any CPU
		{69F06347-FA3F-4622-A768-C3632A31FE52}.Release|iPhoneSimulator.ActiveCfg = Release|Any CPU
		{69F06347-FA3F-4622-A768-C3632A31FE52}.Release|iPhoneSimulator.Build.0 = Release|Any CPU
		{69F06347-FA3F-4622-A768-C3632A31FE52}.Release|iPhoneSimulator.Deploy.0 = Release|Any CPU
		{AE28B7FB-8250-4C4D-9407-8AB103D113AA}.Ad-Hoc|Any CPU.ActiveCfg = Ad-Hoc|iPhone
		{AE28B7FB-8250-4C4D-9407-8AB103D113AA}.Ad-Hoc|Any CPU.Build.0 = Ad-Hoc|iPhone
		{AE28B7FB-8250-4C4D-9407-8AB103D113AA}.Ad-Hoc|Any CPU.Deploy.0 = Ad-Hoc|iPhone
		{AE28B7FB-8250-4C4D-9407-8AB103D113AA}.Ad-Hoc|iPhone.ActiveCfg = Ad-Hoc|iPhone
		{AE28B7FB-8250-4C4D-9407-8AB103D113AA}.Ad-Hoc|iPhone.Build.0 = Ad-Hoc|iPhone
		{AE28B7FB-8250-4C4D-9407-8AB103D113AA}.Ad-Hoc|iPhone.Deploy.0 = Ad-Hoc|iPhone
		{AE28B7FB-8250-4C4D-9407-8AB103D113AA}.Ad-Hoc|iPhoneSimulator.ActiveCfg = Ad-Hoc|iPhoneSimulator
		{AE28B7FB-8250-4C4D-9407-8AB103D113AA}.Ad-Hoc|iPhoneSimulator.Build.0 = Ad-Hoc|iPhoneSimulator
		{AE28B7FB-8250-4C4D-9407-8AB103D113AA}.Ad-Hoc|iPhoneSimulator.Deploy.0 = Ad-Hoc|iPhoneSimulator
		{AE28B7FB-8250-4C4D-9407-8AB103D113AA}.AppStore|Any CPU.ActiveCfg = AppStore|iPhone
		{AE28B7FB-8250-4C4D-9407-8AB103D113AA}.AppStore|Any CPU.Build.0 = AppStore|iPhone
		{AE28B7FB-8250-4C4D-9407-8AB103D113AA}.AppStore|Any CPU.Deploy.0 = AppStore|iPhone
		{AE28B7FB-8250-4C4D-9407-8AB103D113AA}.AppStore|iPhone.ActiveCfg = AppStore|iPhone
		{AE28B7FB-8250-4C4D-9407-8AB103D113AA}.AppStore|iPhone.Build.0 = AppStore|iPhone
		{AE28B7FB-8250-4C4D-9407-8AB103D113AA}.AppStore|iPhone.Deploy.0 = AppStore|iPhone
		{AE28B7FB-8250-4C4D-9407-8AB103D113AA}.AppStore|iPhoneSimulator.ActiveCfg = AppStore|iPhoneSimulator
		{AE28B7FB-8250-4C4D-9407-8AB103D113AA}.AppStore|iPhoneSimulator.Build.0 = AppStore|iPhoneSimulator
		{AE28B7FB-8250-4C4D-9407-8AB103D113AA}.AppStore|iPhoneSimulator.Deploy.0 = AppStore|iPhoneSimulator
		{AE28B7FB-8250-4C4D-9407-8AB103D113AA}.Debug|Any CPU.ActiveCfg = Debug|iPhoneSimulator
		{AE28B7FB-8250-4C4D-9407-8AB103D113AA}.Debug|Any CPU.Build.0 = Debug|iPhoneSimulator
		{AE28B7FB-8250-4C4D-9407-8AB103D113AA}.Debug|Any CPU.Deploy.0 = Debug|iPhoneSimulator
		{AE28B7FB-8250-4C4D-9407-8AB103D113AA}.Debug|iPhone.ActiveCfg = Debug|iPhone
		{AE28B7FB-8250-4C4D-9407-8AB103D113AA}.Debug|iPhone.Build.0 = Debug|iPhone
		{AE28B7FB-8250-4C4D-9407-8AB103D113AA}.Debug|iPhone.Deploy.0 = Debug|iPhone
		{AE28B7FB-8250-4C4D-9407-8AB103D113AA}.Debug|iPhoneSimulator.ActiveCfg = Debug|iPhoneSimulator
		{AE28B7FB-8250-4C4D-9407-8AB103D113AA}.Debug|iPhoneSimulator.Build.0 = Debug|iPhoneSimulator
		{AE28B7FB-8250-4C4D-9407-8AB103D113AA}.Debug|iPhoneSimulator.Deploy.0 = Debug|iPhoneSimulator
		{AE28B7FB-8250-4C4D-9407-8AB103D113AA}.Release|Any CPU.ActiveCfg = Release|iPhone
		{AE28B7FB-8250-4C4D-9407-8AB103D113AA}.Release|Any CPU.Build.0 = Release|iPhone
		{AE28B7FB-8250-4C4D-9407-8AB103D113AA}.Release|Any CPU.Deploy.0 = Release|iPhone
		{AE28B7FB-8250-4C4D-9407-8AB103D113AA}.Release|iPhone.ActiveCfg = Release|iPhone
		{AE28B7FB-8250-4C4D-9407-8AB103D113AA}.Release|iPhone.Build.0 = Release|iPhone
		{AE28B7FB-8250-4C4D-9407-8AB103D113AA}.Release|iPhone.Deploy.0 = Release|iPhone
		{AE28B7FB-8250-4C4D-9407-8AB103D113AA}.Release|iPhoneSimulator.ActiveCfg = Release|iPhoneSimulator
		{AE28B7FB-8250-4C4D-9407-8AB103D113AA}.Release|iPhoneSimulator.Build.0 = Release|iPhoneSimulator
		{AE28B7FB-8250-4C4D-9407-8AB103D113AA}.Release|iPhoneSimulator.Deploy.0 = Release|iPhoneSimulator
		{DE829D2B-C0AE-450B-9D07-5CBA0760AEA9}.Ad-Hoc|Any CPU.ActiveCfg = Debug|Any CPU
		{DE829D2B-C0AE-450B-9D07-5CBA0760AEA9}.Ad-Hoc|Any CPU.Build.0 = Debug|Any CPU
		{DE829D2B-C0AE-450B-9D07-5CBA0760AEA9}.Ad-Hoc|Any CPU.Deploy.0 = Debug|Any CPU
		{DE829D2B-C0AE-450B-9D07-5CBA0760AEA9}.Ad-Hoc|iPhone.ActiveCfg = Debug|Any CPU
		{DE829D2B-C0AE-450B-9D07-5CBA0760AEA9}.Ad-Hoc|iPhone.Build.0 = Debug|Any CPU
		{DE829D2B-C0AE-450B-9D07-5CBA0760AEA9}.Ad-Hoc|iPhone.Deploy.0 = Debug|Any CPU
		{DE829D2B-C0AE-450B-9D07-5CBA0760AEA9}.Ad-Hoc|iPhoneSimulator.ActiveCfg = Debug|Any CPU
		{DE829D2B-C0AE-450B-9D07-5CBA0760AEA9}.Ad-Hoc|iPhoneSimulator.Build.0 = Debug|Any CPU
		{DE829D2B-C0AE-450B-9D07-5CBA0760AEA9}.Ad-Hoc|iPhoneSimulator.Deploy.0 = Debug|Any CPU
		{DE829D2B-C0AE-450B-9D07-5CBA0760AEA9}.AppStore|Any CPU.ActiveCfg = Debug|Any CPU
		{DE829D2B-C0AE-450B-9D07-5CBA0760AEA9}.AppStore|Any CPU.Build.0 = Debug|Any CPU
		{DE829D2B-C0AE-450B-9D07-5CBA0760AEA9}.AppStore|Any CPU.Deploy.0 = Debug|Any CPU
		{DE829D2B-C0AE-450B-9D07-5CBA0760AEA9}.AppStore|iPhone.ActiveCfg = Debug|Any CPU
		{DE829D2B-C0AE-450B-9D07-5CBA0760AEA9}.AppStore|iPhone.Build.0 = Debug|Any CPU
		{DE829D2B-C0AE-450B-9D07-5CBA0760AEA9}.AppStore|iPhone.Deploy.0 = Debug|Any CPU
		{DE829D2B-C0AE-450B-9D07-5CBA0760AEA9}.AppStore|iPhoneSimulator.ActiveCfg = Debug|Any CPU
		{DE829D2B-C0AE-450B-9D07-5CBA0760AEA9}.AppStore|iPhoneSimulator.Build.0 = Debug|Any CPU
		{DE829D2B-C0AE-450B-9D07-5CBA0760AEA9}.AppStore|iPhoneSimulator.Deploy.0 = Debug|Any CPU
		{DE829D2B-C0AE-450B-9D07-5CBA0760AEA9}.Debug|Any CPU.ActiveCfg = Debug|Any CPU
		{DE829D2B-C0AE-450B-9D07-5CBA0760AEA9}.Debug|Any CPU.Build.0 = Debug|Any CPU
		{DE829D2B-C0AE-450B-9D07-5CBA0760AEA9}.Debug|Any CPU.Deploy.0 = Debug|Any CPU
		{DE829D2B-C0AE-450B-9D07-5CBA0760AEA9}.Debug|iPhone.ActiveCfg = Debug|Any CPU
		{DE829D2B-C0AE-450B-9D07-5CBA0760AEA9}.Debug|iPhone.Build.0 = Debug|Any CPU
		{DE829D2B-C0AE-450B-9D07-5CBA0760AEA9}.Debug|iPhone.Deploy.0 = Debug|Any CPU
		{DE829D2B-C0AE-450B-9D07-5CBA0760AEA9}.Debug|iPhoneSimulator.ActiveCfg = Debug|Any CPU
		{DE829D2B-C0AE-450B-9D07-5CBA0760AEA9}.Debug|iPhoneSimulator.Build.0 = Debug|Any CPU
		{DE829D2B-C0AE-450B-9D07-5CBA0760AEA9}.Debug|iPhoneSimulator.Deploy.0 = Debug|Any CPU
		{DE829D2B-C0AE-450B-9D07-5CBA0760AEA9}.Release|Any CPU.ActiveCfg = Release|Any CPU
		{DE829D2B-C0AE-450B-9D07-5CBA0760AEA9}.Release|Any CPU.Build.0 = Release|Any CPU
		{DE829D2B-C0AE-450B-9D07-5CBA0760AEA9}.Release|Any CPU.Deploy.0 = Release|Any CPU
		{DE829D2B-C0AE-450B-9D07-5CBA0760AEA9}.Release|iPhone.ActiveCfg = Release|Any CPU
		{DE829D2B-C0AE-450B-9D07-5CBA0760AEA9}.Release|iPhone.Build.0 = Release|Any CPU
		{DE829D2B-C0AE-450B-9D07-5CBA0760AEA9}.Release|iPhone.Deploy.0 = Release|Any CPU
		{DE829D2B-C0AE-450B-9D07-5CBA0760AEA9}.Release|iPhoneSimulator.ActiveCfg = Release|Any CPU
		{DE829D2B-C0AE-450B-9D07-5CBA0760AEA9}.Release|iPhoneSimulator.Build.0 = Release|Any CPU
		{DE829D2B-C0AE-450B-9D07-5CBA0760AEA9}.Release|iPhoneSimulator.Deploy.0 = Release|Any CPU
	EndGlobalSection
	GlobalSection(SolutionProperties) = preSolution
		HideSolutionNode = FALSE
	EndGlobalSection
	GlobalSection(ExtensibilityGlobals) = postSolution
		SolutionGuid = {83B6988D-871A-4725-AAA6-9190EC6154D7}
	EndGlobalSection
EndGlobal
